// !$*UTF8*$!
{
	archiveVersion = 1;
	classes = {
	};
	objectVersion = 56;
	objects = {

/* Begin PBXBuildFile section */
		C249F95D29BB708A00F99418 /* LandingPageSwiftUIApp.swift in Sources */ = {isa = PBXBuildFile; fileRef = C249F95C29BB708A00F99418 /* LandingPageSwiftUIApp.swift */; };
		C249F95F29BB708A00F99418 /* ContentView.swift in Sources */ = {isa = PBXBuildFile; fileRef = C249F95E29BB708A00F99418 /* ContentView.swift */; };
		C249F96129BB708B00F99418 /* Assets.xcassets in Resources */ = {isa = PBXBuildFile; fileRef = C249F96029BB708B00F99418 /* Assets.xcassets */; };
		C249F96429BB708B00F99418 /* Preview Assets.xcassets in Resources */ = {isa = PBXBuildFile; fileRef = C249F96329BB708B00F99418 /* Preview Assets.xcassets */; };
		C2565A7029BBB6C7001357E1 /* OnBoardingScreen.swift in Sources */ = {isa = PBXBuildFile; fileRef = C2565A6F29BBB6C7001357E1 /* OnBoardingScreen.swift */; };
		C27F269D29BCC2DA004DC386 /* ResizableLottieView.swift in Sources */ = {isa = PBXBuildFile; fileRef = C27F269C29BCC2DA004DC386 /* ResizableLottieView.swift */; };
		C285F5DE29BBB45C00A6ED38 /* Lottie in Frameworks */ = {isa = PBXBuildFile; productRef = C285F5DD29BBB45C00A6ED38 /* Lottie */; };
		C285F5E329BBB4E400A6ED38 /* OnboardingItem.swift in Sources */ = {isa = PBXBuildFile; fileRef = C285F5E229BBB4E400A6ED38 /* OnboardingItem.swift */; };
		C2C7911F29BB7478006444DB /* source3.json in Resources */ = {isa = PBXBuildFile; fileRef = C2C7911C29BB7478006444DB /* source3.json */; };
		C2C7912029BB7478006444DB /* source1.json in Resources */ = {isa = PBXBuildFile; fileRef = C2C7911D29BB7478006444DB /* source1.json */; };
		C2C7912129BB7478006444DB /* source2.json in Resources */ = {isa = PBXBuildFile; fileRef = C2C7911E29BB7478006444DB /* source2.json */; };
/* End PBXBuildFile section */

/* Begin PBXFileReference section */
		C249F95929BB708A00F99418 /* LandingPageSwiftUI.app */ = {isa = PBXFileReference; explicitFileType = wrapper.application; includeInIndex = 0; path = LandingPageSwiftUI.app; sourceTree = BUILT_PRODUCTS_DIR; };
		C249F95C29BB708A00F99418 /* LandingPageSwiftUIApp.swift */ = {isa = PBXFileReference; lastKnownFileType = sourcecode.swift; path = LandingPageSwiftUIApp.swift; sourceTree = "<group>"; };
		C249F95E29BB708A00F99418 /* ContentView.swift */ = {isa = PBXFileReference; lastKnownFileType = sourcecode.swift; path = ContentView.swift; sourceTree = "<group>"; };
		C249F96029BB708B00F99418 /* Assets.xcassets */ = {isa = PBXFileReference; lastKnownFileType = folder.assetcatalog; path = Assets.xcassets; sourceTree = "<group>"; };
		C249F96329BB708B00F99418 /* Preview Assets.xcassets */ = {isa = PBXFileReference; lastKnownFileType = folder.assetcatalog; path = "Preview Assets.xcassets"; sourceTree = "<group>"; };
		C2565A6F29BBB6C7001357E1 /* OnBoardingScreen.swift */ = {isa = PBXFileReference; lastKnownFileType = sourcecode.swift; path = OnBoardingScreen.swift; sourceTree = "<group>"; };
		C27F269C29BCC2DA004DC386 /* ResizableLottieView.swift */ = {isa = PBXFileReference; lastKnownFileType = sourcecode.swift; path = ResizableLottieView.swift; sourceTree = "<group>"; };
		C285F5E229BBB4E400A6ED38 /* OnboardingItem.swift */ = {isa = PBXFileReference; lastKnownFileType = sourcecode.swift; path = OnboardingItem.swift; sourceTree = "<group>"; };
		C2C7911C29BB7478006444DB /* source3.json */ = {isa = PBXFileReference; lastKnownFileType = text.json; path = source3.json; sourceTree = "<group>"; };
		C2C7911D29BB7478006444DB /* source1.json */ = {isa = PBXFileReference; lastKnownFileType = text.json; path = source1.json; sourceTree = "<group>"; };
		C2C7911E29BB7478006444DB /* source2.json */ = {isa = PBXFileReference; lastKnownFileType = text.json; path = source2.json; sourceTree = "<group>"; };
/* End PBXFileReference section */

/* Begin PBXFrameworksBuildPhase section */
		C249F95629BB708A00F99418 /* Frameworks */ = {
			isa = PBXFrameworksBuildPhase;
			buildActionMask = 2147483647;
			files = (
				C285F5DE29BBB45C00A6ED38 /* Lottie in Frameworks */,
			);
			runOnlyForDeploymentPostprocessing = 0;
		};
/* End PBXFrameworksBuildPhase section */

/* Begin PBXGroup section */
		C249F95029BB708A00F99418 = {
			isa = PBXGroup;
			children = (
				C249F95B29BB708A00F99418 /* LandingPageSwiftUI */,
				C249F95A29BB708A00F99418 /* Products */,
			);
			sourceTree = "<group>";
		};
		C249F95A29BB708A00F99418 /* Products */ = {
			isa = PBXGroup;
			children = (
				C249F95929BB708A00F99418 /* LandingPageSwiftUI.app */,
			);
			name = Products;
			sourceTree = "<group>";
		};
		C249F95B29BB708A00F99418 /* LandingPageSwiftUI */ = {
			isa = PBXGroup;
			children = (
				C285F5E129BBB4CF00A6ED38 /* Others */,
				C285F5E029BBB47900A6ED38 /* Model */,
				C2565A6C29BBB65F001357E1 /* Domain */,
				C285F5DF29BBB46E00A6ED38 /* View */,
				C249F95C29BB708A00F99418 /* LandingPageSwiftUIApp.swift */,
				C249F95E29BB708A00F99418 /* ContentView.swift */,
				C249F96029BB708B00F99418 /* Assets.xcassets */,
				C249F96229BB708B00F99418 /* Preview Content */,
			);
			path = LandingPageSwiftUI;
			sourceTree = "<group>";
		};
		C249F96229BB708B00F99418 /* Preview Content */ = {
			isa = PBXGroup;
			children = (
				C249F96329BB708B00F99418 /* Preview Assets.xcassets */,
			);
			path = "Preview Content";
			sourceTree = "<group>";
		};
		C2565A6C29BBB65F001357E1 /* Domain */ = {
			isa = PBXGroup;
			children = (
				C2565A6D29BBB69E001357E1 /* Model */,
			);
			path = Domain;
			sourceTree = "<group>";
		};
		C2565A6D29BBB69E001357E1 /* Model */ = {
			isa = PBXGroup;
			children = (
				C285F5E229BBB4E400A6ED38 /* OnboardingItem.swift */,
			);
			path = Model;
			sourceTree = "<group>";
		};
		C2565A6E29BBB6AA001357E1 /* OnBoarding */ = {
			isa = PBXGroup;
			children = (
				C2565A6F29BBB6C7001357E1 /* OnBoardingScreen.swift */,
			);
			path = OnBoarding;
			sourceTree = "<group>";
		};
		C27F269B29BCC2BB004DC386 /* Components */ = {
			isa = PBXGroup;
			children = (
				C27F269C29BCC2DA004DC386 /* ResizableLottieView.swift */,
			);
			path = Components;
			sourceTree = "<group>";
		};
		C285F5DF29BBB46E00A6ED38 /* View */ = {
			isa = PBXGroup;
			children = (
				C27F269B29BCC2BB004DC386 /* Components */,
				C2565A6E29BBB6AA001357E1 /* OnBoarding */,
			);
			path = View;
			sourceTree = "<group>";
		};
		C285F5E029BBB47900A6ED38 /* Model */ = {
			isa = PBXGroup;
			children = (
			);
			path = Model;
			sourceTree = "<group>";
		};
		C285F5E129BBB4CF00A6ED38 /* Others */ = {
			isa = PBXGroup;
			children = (
				C2C7912229BB7480006444DB /* LottieFiles */,
			);
			path = Others;
			sourceTree = "<group>";
		};
		C2C7912229BB7480006444DB /* LottieFiles */ = {
			isa = PBXGroup;
			children = (
				C2C7911D29BB7478006444DB /* source1.json */,
				C2C7911E29BB7478006444DB /* source2.json */,
				C2C7911C29BB7478006444DB /* source3.json */,
			);
			path = LottieFiles;
			sourceTree = "<group>";
		};
/* End PBXGroup section */

/* Begin PBXNativeTarget section */
		C249F95829BB708A00F99418 /* LandingPageSwiftUI */ = {
			isa = PBXNativeTarget;
			buildConfigurationList = C249F96729BB708B00F99418 /* Build configuration list for PBXNativeTarget "LandingPageSwiftUI" */;
			buildPhases = (
				C249F95529BB708A00F99418 /* Sources */,
				C249F95629BB708A00F99418 /* Frameworks */,
				C249F95729BB708A00F99418 /* Resources */,
			);
			buildRules = (
			);
			dependencies = (
			);
			name = LandingPageSwiftUI;
			packageProductDependencies = (
				C285F5DD29BBB45C00A6ED38 /* Lottie */,
			);
			productName = LandingPageSwiftUI;
			productReference = C249F95929BB708A00F99418 /* LandingPageSwiftUI.app */;
			productType = "com.apple.product-type.application";
		};
/* End PBXNativeTarget section */

/* Begin PBXProject section */
		C249F95129BB708A00F99418 /* Project object */ = {
			isa = PBXProject;
			attributes = {
				BuildIndependentTargetsInParallel = 1;
				LastSwiftUpdateCheck = 1420;
				LastUpgradeCheck = 1420;
				TargetAttributes = {
					C249F95829BB708A00F99418 = {
						CreatedOnToolsVersion = 14.2;
					};
				};
			};
			buildConfigurationList = C249F95429BB708A00F99418 /* Build configuration list for PBXProject "LandingPageSwiftUI" */;
			compatibilityVersion = "Xcode 14.0";
			developmentRegion = en;
			hasScannedForEncodings = 0;
			knownRegions = (
				en,
				Base,
			);
			mainGroup = C249F95029BB708A00F99418;
			packageReferences = (
				C285F5DC29BBB45C00A6ED38 /* XCRemoteSwiftPackageReference "lottie-ios" */,
			);
			productRefGroup = C249F95A29BB708A00F99418 /* Products */;
			projectDirPath = "";
			projectRoot = "";
			targets = (
				C249F95829BB708A00F99418 /* LandingPageSwiftUI */,
			);
		};
/* End PBXProject section */

/* Begin PBXResourcesBuildPhase section */
		C249F95729BB708A00F99418 /* Resources */ = {
			isa = PBXResourcesBuildPhase;
			buildActionMask = 2147483647;
			files = (
				C2C7911F29BB7478006444DB /* source3.json in Resources */,
				C2C7912029BB7478006444DB /* source1.json in Resources */,
				C2C7912129BB7478006444DB /* source2.json in Resources */,
				C249F96429BB708B00F99418 /* Preview Assets.xcassets in Resources */,
				C249F96129BB708B00F99418 /* Assets.xcassets in Resources */,
			);
			runOnlyForDeploymentPostprocessing = 0;
		};
/* End PBXResourcesBuildPhase section */

/* Begin PBXSourcesBuildPhase section */
		C249F95529BB708A00F99418 /* Sources */ = {
			isa = PBXSourcesBuildPhase;
			buildActionMask = 2147483647;
			files = (
				C2565A7029BBB6C7001357E1 /* OnBoardingScreen.swift in Sources */,
				C249F95F29BB708A00F99418 /* ContentView.swift in Sources */,
				C27F269D29BCC2DA004DC386 /* ResizableLottieView.swift in Sources */,
				C249F95D29BB708A00F99418 /* LandingPageSwiftUIApp.swift in Sources */,
				C285F5E329BBB4E400A6ED38 /* OnboardingItem.swift in Sources */,
			);
			runOnlyForDeploymentPostprocessing = 0;
		};
/* End PBXSourcesBuildPhase section */

/* Begin XCBuildConfiguration section */
		C249F96529BB708B00F99418 /* Debug */ = {
			isa = XCBuildConfiguration;
			buildSettings = {
				ALWAYS_SEARCH_USER_PATHS = NO;
				CLANG_ANALYZER_NONNULL = YES;
				CLANG_ANALYZER_NUMBER_OBJECT_CONVERSION = YES_AGGRESSIVE;
				CLANG_CXX_LANGUAGE_STANDARD = "gnu++20";
				CLANG_ENABLE_MODULES = YES;
				CLANG_ENABLE_OBJC_ARC = YES;
				CLANG_ENABLE_OBJC_WEAK = YES;
				CLANG_WARN_BLOCK_CAPTURE_AUTORELEASING = YES;
				CLANG_WARN_BOOL_CONVERSION = YES;
				CLANG_WARN_COMMA = YES;
				CLANG_WARN_CONSTANT_CONVERSION = YES;
				CLANG_WARN_DEPRECATED_OBJC_IMPLEMENTATIONS = YES;
				CLANG_WARN_DIRECT_OBJC_ISA_USAGE = YES_ERROR;
				CLANG_WARN_DOCUMENTATION_COMMENTS = YES;
				CLANG_WARN_EMPTY_BODY = YES;
				CLANG_WARN_ENUM_CONVERSION = YES;
				CLANG_WARN_INFINITE_RECURSION = YES;
				CLANG_WARN_INT_CONVERSION = YES;
				CLANG_WARN_NON_LITERAL_NULL_CONVERSION = YES;
				CLANG_WARN_OBJC_IMPLICIT_RETAIN_SELF = YES;
				CLANG_WARN_OBJC_LITERAL_CONVERSION = YES;
				CLANG_WARN_OBJC_ROOT_CLASS = YES_ERROR;
				CLANG_WARN_QUOTED_INCLUDE_IN_FRAMEWORK_HEADER = YES;
				CLANG_WARN_RANGE_LOOP_ANALYSIS = YES;
				CLANG_WARN_STRICT_PROTOTYPES = YES;
				CLANG_WARN_SUSPICIOUS_MOVE = YES;
				CLANG_WARN_UNGUARDED_AVAILABILITY = YES_AGGRESSIVE;
				CLANG_WARN_UNREACHABLE_CODE = YES;
				CLANG_WARN__DUPLICATE_METHOD_MATCH = YES;
				COPY_PHASE_STRIP = NO;
				DEBUG_INFORMATION_FORMAT = dwarf;
				ENABLE_STRICT_OBJC_MSGSEND = YES;
				ENABLE_TESTABILITY = YES;
				GCC_C_LANGUAGE_STANDARD = gnu11;
				GCC_DYNAMIC_NO_PIC = NO;
				GCC_NO_COMMON_BLOCKS = YES;
				GCC_OPTIMIZATION_LEVEL = 0;
				GCC_PREPROCESSOR_DEFINITIONS = (
					"DEBUG=1",
					"$(inherited)",
				);
				GCC_WARN_64_TO_32_BIT_CONVERSION = YES;
				GCC_WARN_ABOUT_RETURN_TYPE = YES_ERROR;
				GCC_WARN_UNDECLARED_SELECTOR = YES;
				GCC_WARN_UNINITIALIZED_AUTOS = YES_AGGRESSIVE;
				GCC_WARN_UNUSED_FUNCTION = YES;
				GCC_WARN_UNUSED_VARIABLE = YES;
				IPHONEOS_DEPLOYMENT_TARGET = 16.2;
				MTL_ENABLE_DEBUG_INFO = INCLUDE_SOURCE;
				MTL_FAST_MATH = YES;
				ONLY_ACTIVE_ARCH = YES;
				SDKROOT = iphoneos;
				SWIFT_ACTIVE_COMPILATION_CONDITIONS = DEBUG;
				SWIFT_OPTIMIZATION_LEVEL = "-Onone";
			};
			name = Debug;
		};
		C249F96629BB708B00F99418 /* Release */ = {
			isa = XCBuildConfiguration;
			buildSettings = {
				ALWAYS_SEARCH_USER_PATHS = NO;
				CLANG_ANALYZER_NONNULL = YES;
				CLANG_ANALYZER_NUMBER_OBJECT_CONVERSION = YES_AGGRESSIVE;
				CLANG_CXX_LANGUAGE_STANDARD = "gnu++20";
				CLANG_ENABLE_MODULES = YES;
				CLANG_ENABLE_OBJC_ARC = YES;
				CLANG_ENABLE_OBJC_WEAK = YES;
				CLANG_WARN_BLOCK_CAPTURE_AUTORELEASING = YES;
				CLANG_WARN_BOOL_CONVERSION = YES;
				CLANG_WARN_COMMA = YES;
				CLANG_WARN_CONSTANT_CONVERSION = YES;
				CLANG_WARN_DEPRECATED_OBJC_IMPLEMENTATIONS = YES;
				CLANG_WARN_DIRECT_OBJC_ISA_USAGE = YES_ERROR;
				CLANG_WARN_DOCUMENTATION_COMMENTS = YES;
				CLANG_WARN_EMPTY_BODY = YES;
				CLANG_WARN_ENUM_CONVERSION = YES;
				CLANG_WARN_INFINITE_RECURSION = YES;
				CLANG_WARN_INT_CONVERSION = YES;
				CLANG_WARN_NON_LITERAL_NULL_CONVERSION = YES;
				CLANG_WARN_OBJC_IMPLICIT_RETAIN_SELF = YES;
				CLANG_WARN_OBJC_LITERAL_CONVERSION = YES;
				CLANG_WARN_OBJC_ROOT_CLASS = YES_ERROR;
				CLANG_WARN_QUOTED_INCLUDE_IN_FRAMEWORK_HEADER = YES;
				CLANG_WARN_RANGE_LOOP_ANALYSIS = YES;
				CLANG_WARN_STRICT_PROTOTYPES = YES;
				CLANG_WARN_SUSPICIOUS_MOVE = YES;
				CLANG_WARN_UNGUARDED_AVAILABILITY = YES_AGGRESSIVE;
				CLANG_WARN_UNREACHABLE_CODE = YES;
				CLANG_WARN__DUPLICATE_METHOD_MATCH = YES;
				COPY_PHASE_STRIP = NO;
				DEBUG_INFORMATION_FORMAT = "dwarf-with-dsym";
				ENABLE_NS_ASSERTIONS = NO;
				ENABLE_STRICT_OBJC_MSGSEND = YES;
				GCC_C_LANGUAGE_STANDARD = gnu11;
				GCC_NO_COMMON_BLOCKS = YES;
				GCC_WARN_64_TO_32_BIT_CONVERSION = YES;
				GCC_WARN_ABOUT_RETURN_TYPE = YES_ERROR;
				GCC_WARN_UNDECLARED_SELECTOR = YES;
				GCC_WARN_UNINITIALIZED_AUTOS = YES_AGGRESSIVE;
				GCC_WARN_UNUSED_FUNCTION = YES;
				GCC_WARN_UNUSED_VARIABLE = YES;
				IPHONEOS_DEPLOYMENT_TARGET = 16.2;
				MTL_ENABLE_DEBUG_INFO = NO;
				MTL_FAST_MATH = YES;
				SDKROOT = iphoneos;
				SWIFT_COMPILATION_MODE = wholemodule;
				SWIFT_OPTIMIZATION_LEVEL = "-O";
				VALIDATE_PRODUCT = YES;
			};
			name = Release;
		};
		C249F96829BB708B00F99418 /* Debug */ = {
			isa = XCBuildConfiguration;
			buildSettings = {
				ASSETCATALOG_COMPILER_APPICON_NAME = AppIcon;
				ASSETCATALOG_COMPILER_GLOBAL_ACCENT_COLOR_NAME = AccentColor;
				CODE_SIGN_STYLE = Automatic;
				CURRENT_PROJECT_VERSION = 1;
				DEVELOPMENT_ASSET_PATHS = "\"LandingPageSwiftUI/Preview Content\"";
				DEVELOPMENT_TEAM = 45G29VT72M;
				ENABLE_PREVIEWS = YES;
				GENERATE_INFOPLIST_FILE = YES;
				INFOPLIST_KEY_UIApplicationSceneManifest_Generation = YES;
				INFOPLIST_KEY_UIApplicationSupportsIndirectInputEvents = YES;
				INFOPLIST_KEY_UILaunchScreen_Generation = YES;
				INFOPLIST_KEY_UISupportedInterfaceOrientations_iPad = "UIInterfaceOrientationPortrait UIInterfaceOrientationPortraitUpsideDown UIInterfaceOrientationLandscapeLeft UIInterfaceOrientationLandscapeRight";
				INFOPLIST_KEY_UISupportedInterfaceOrientations_iPhone = "UIInterfaceOrientationPortrait UIInterfaceOrientationLandscapeLeft UIInterfaceOrientationLandscapeRight";
				LD_RUNPATH_SEARCH_PATHS = (
					"$(inherited)",
					"@executable_path/Frameworks",
				);
				MARKETING_VERSION = 1.0;
				PRODUCT_BUNDLE_IDENTIFIER = com.pruebas.LandingPageSwiftUI;
				PRODUCT_NAME = "$(TARGET_NAME)";
				SWIFT_EMIT_LOC_STRINGS = YES;
				SWIFT_VERSION = 5.0;
				TARGETED_DEVICE_FAMILY = "1,2";
			};
			name = Debug;
		};
		C249F96929BB708B00F99418 /* Release */ = {
			isa = XCBuildConfiguration;
			buildSettings = {
				ASSETCATALOG_COMPILER_APPICON_NAME = AppIcon;
				ASSETCATALOG_COMPILER_GLOBAL_ACCENT_COLOR_NAME = AccentColor;
				CODE_SIGN_STYLE = Automatic;
				CURRENT_PROJECT_VERSION = 1;
				DEVELOPMENT_ASSET_PATHS = "\"LandingPageSwiftUI/Preview Content\"";
				DEVELOPMENT_TEAM = 45G29VT72M;
				ENABLE_PREVIEWS = YES;
				GENERATE_INFOPLIST_FILE = YES;
				INFOPLIST_KEY_UIApplicationSceneManifest_Generation = YES;
				INFOPLIST_KEY_UIApplicationSupportsIndirectInputEvents = YES;
				INFOPLIST_KEY_UILaunchScreen_Generation = YES;
				INFOPLIST_KEY_UISupportedInterfaceOrientations_iPad = "UIInterfaceOrientationPortrait UIInterfaceOrientationPortraitUpsideDown UIInterfaceOrientationLandscapeLeft UIInterfaceOrientationLandscapeRight";
				INFOPLIST_KEY_UISupportedInterfaceOrientations_iPhone = "UIInterfaceOrientationPortrait UIInterfaceOrientationLandscapeLeft UIInterfaceOrientationLandscapeRight";
				LD_RUNPATH_SEARCH_PATHS = (
					"$(inherited)",
					"@executable_path/Frameworks",
				);
				MARKETING_VERSION = 1.0;
				PRODUCT_BUNDLE_IDENTIFIER = com.pruebas.LandingPageSwiftUI;
				PRODUCT_NAME = "$(TARGET_NAME)";
				SWIFT_EMIT_LOC_STRINGS = YES;
				SWIFT_VERSION = 5.0;
				TARGETED_DEVICE_FAMILY = "1,2";
			};
			name = Release;
		};
/* End XCBuildConfiguration section */

/* Begin XCConfigurationList section */
		C249F95429BB708A00F99418 /* Build configuration list for PBXProject "LandingPageSwiftUI" */ = {
			isa = XCConfigurationList;
			buildConfigurations = (
				C249F96529BB708B00F99418 /* Debug */,
				C249F96629BB708B00F99418 /* Release */,
			);
			defaultConfigurationIsVisible = 0;
			defaultConfigurationName = Release;
		};
		C249F96729BB708B00F99418 /* Build configuration list for PBXNativeTarget "LandingPageSwiftUI" */ = {
			isa = XCConfigurationList;
			buildConfigurations = (
				C249F96829BB708B00F99418 /* Debug */,
				C249F96929BB708B00F99418 /* Release */,
			);
			defaultConfigurationIsVisible = 0;
			defaultConfigurationName = Release;
		};
/* End XCConfigurationList section */

/* Begin XCRemoteSwiftPackageReference section */
		C285F5DC29BBB45C00A6ED38 /* XCRemoteSwiftPackageReference "lottie-ios" */ = {
			isa = XCRemoteSwiftPackageReference;
			repositoryURL = "https://github.com/airbnb/lottie-ios";
			requirement = {
				kind = upToNextMajorVersion;
				minimumVersion = 4.0.0;
			};
		};
/* End XCRemoteSwiftPackageReference section */

/* Begin XCSwiftPackageProductDependency section */
		C285F5DD29BBB45C00A6ED38 /* Lottie */ = {
			isa = XCSwiftPackageProductDependency;
			package = C285F5DC29BBB45C00A6ED38 /* XCRemoteSwiftPackageReference "lottie-ios" */;
			productName = Lottie;
		};
/* End XCSwiftPackageProductDependency section */
	};
	rootObject = C249F95129BB708A00F99418 /* Project object */;
}
